
Microsoft Visual Studio Solution File, Format Version 12.00
# Visual Studio Version 16
VisualStudioVersion = 16.0.29609.76
MinimumVisualStudioVersion = 10.0.40219.1
Project("{9A19103F-16F7-4668-BE54-9A1E7A4F7556}") = "DMS", "DMS\DMS.csproj", "{80AB34D4-6E25-457D-8D89-1FB53A6ABDD1}"
EndProject
Global
	GlobalSection(SolutionConfigurationPlatforms) = preSolution
		Debug|Any CPU = Debug|Any CPU
		Release|Any CPU = Release|Any CPU
	EndGlobalSection
	GlobalSection(ProjectConfigurationPlatforms) = postSolution
		{80AB34D4-6E25-457D-8D89-1FB53A6ABDD1}.Debug|Any CPU.ActiveCfg = Debug|Any CPU
		{80AB34D4-6E25-457D-8D89-1FB53A6ABDD1}.Debug|Any CPU.Build.0 = Debug|Any CPU
		{80AB34D4-6E25-457D-8D89-1FB53A6ABDD1}.Release|Any CPU.ActiveCfg = Release|Any CPU
		{80AB34D4-6E25-457D-8D89-1FB53A6ABDD1}.Release|Any CPU.Build.0 = Release|Any CPU
	EndGlobalSection
	GlobalSection(SolutionProperties) = preSolution
		HideSolutionNode = FALSE
	EndGlobalSection
	GlobalSection(ExtensibilityGlobals) = postSolution
		SolutionGuid = {E829E376-AB4A-4BEA-B956-4764C0D8628D}
	EndGlobalSection
EndGlobal
